<?xml version="1.0" encoding="utf-8"?>
<Project ToolsVersion="4.0" xmlns="http://schemas.microsoft.com/developer/msbuild/2003">
  <ItemGroup>
    <Filter Include="External CPP Files">
      <UniqueIdentifier>{1EF542D1-0AD9-0327-7339-FE795F3CEEA8}</UniqueIdentifier>
    </Filter>
    <Filter Include="External CPP Files\ImGui">
      <UniqueIdentifier>{C848422F-B46D-91AF-DDB8-763FC93C90CD}</UniqueIdentifier>
    </Filter>
    <Filter Include="External CPP Files\glm">
      <UniqueIdentifier>{6DDEEFF5-59D8-1848-4245-AF582EDE7EB4}</UniqueIdentifier>
    </Filter>
    <Filter Include="External CPP Files\glm\detail">
      <UniqueIdentifier>{8FB94BD4-FBD1-32FE-C47E-C2973056C797}</UniqueIdentifier>
    </Filter>
    <Filter Include="Header Files">
      <UniqueIdentifier>{21EB8090-0D4E-1035-B6D3-48EBA215DCB7}</UniqueIdentifier>
    </Filter>
    <Filter Include="Header Files\Core">
      <UniqueIdentifier>{192C3F5D-8542-3DF3-CEB9-C8143A0F0E7B}</UniqueIdentifier>
    </Filter>
    <Filter Include="Registration Files">
      <UniqueIdentifier>{73DC85CC-5FC0-4622-C820-4175B42331A4}</UniqueIdentifier>
    </Filter>
    <Filter Include="Registration Files\Registrations">
      <UniqueIdentifier>{F0556C0E-DCA6-5750-050B-4612F1BAEAB9}</UniqueIdentifier>
    </Filter>
    <Filter Include="Source Files">
      <UniqueIdentifier>{E9C7FDCE-D52A-8D73-7EB0-C5296AF258F6}</UniqueIdentifier>
    </Filter>
    <Filter Include="Source Files\Core">
      <UniqueIdentifier>{E145AD0A-4D5C-ABA0-96D3-36C202297C28}</UniqueIdentifier>
    </Filter>
  </ItemGroup>
  <ItemGroup>
    <ClInclude Include="..\Source\Core\Component.h">
      <Filter>Header Files\Core</Filter>
    </ClInclude>
    <ClInclude Include="..\Source\Core\Core.h">
      <Filter>Header Files\Core</Filter>
    </ClInclude>
    <ClInclude Include="..\Source\Core\Object.h">
      <Filter>Header Files\Core</Filter>
    </ClInclude>
    <ClInclude Include="..\Source\Registrations\ComponentMacros.inl">
      <Filter>Registration Files\Registrations</Filter>
    </ClInclude>
  </ItemGroup>
  <ItemGroup>
    <ClCompile Include="..\Dependencies\ImGui\imgui.cpp">
      <Filter>External CPP Files\ImGui</Filter>
    </ClCompile>
    <ClCompile Include="..\Dependencies\ImGui\imgui_draw.cpp">
      <Filter>External CPP Files\ImGui</Filter>
    </ClCompile>
    <ClCompile Include="..\Dependencies\ImGui\imgui_impl_glfw.cpp">
      <Filter>External CPP Files\ImGui</Filter>
    </ClCompile>
    <ClCompile Include="..\Dependencies\ImGui\imgui_impl_opengl3.cpp">
      <Filter>External CPP Files\ImGui</Filter>
    </ClCompile>
    <ClCompile Include="..\Dependencies\ImGui\imgui_widgets.cpp">
      <Filter>External CPP Files\ImGui</Filter>
    </ClCompile>
    <ClCompile Include="..\Dependencies\glm\detail\glm.cpp">
      <Filter>External CPP Files\glm\detail</Filter>
    </ClCompile>
    <ClCompile Include="..\Source\Core\Component.cpp">
      <Filter>Source Files\Core</Filter>
    </ClCompile>
    <ClCompile Include="..\Source\Core\Core.cpp">
      <Filter>Source Files\Core</Filter>
    </ClCompile>
    <ClCompile Include="..\Source\Core\Object.cpp">
      <Filter>Source Files\Core</Filter>
    </ClCompile>
    <ClCompile Include="..\Source\main.cpp">
      <Filter>Source Files</Filter>
    </ClCompile>
  </ItemGroup>
</Project>